
Microsoft Visual Studio Solution File, Format Version 12.00
# Visual Studio Version 16
VisualStudioVersion = 16.0.30114.105
MinimumVisualStudioVersion = 10.0.40219.1
Project("{9A19103F-16F7-4668-BE54-9A1E7A4F7556}") = "project1app", "Project1.StoreApplication.Client\project1app.csproj", "{04CDD511-D651-4E00-9962-ECB4403A1A94}"
EndProject
Project("{9A19103F-16F7-4668-BE54-9A1E7A4F7556}") = "Project1.StoreApplication.Domain", "Project1.StoreApplication.Domain\Project1.StoreApplication.Domain.csproj", "{2130B454-A778-4478-9D18-1E3881DF8E96}"
EndProject
Project("{9A19103F-16F7-4668-BE54-9A1E7A4F7556}") = "Project1.StoreApplication.Storage", "Project1.StoreApplication.Storage\Project1.StoreApplication.Storage.csproj", "{FA7B1ED3-1CC0-463F-989D-FB218601075C}"
EndProject
Project("{9A19103F-16F7-4668-BE54-9A1E7A4F7556}") = "Project1.StoreApplication.Testing", "Project1.StoreApplication.Testing\Project1.StoreApplication.Testing.csproj", "{8C870C0B-C9B1-4849-81AB-0F9D95D96542}"
EndProject
Global
	GlobalSection(SolutionConfigurationPlatforms) = preSolution
		Debug|Any CPU = Debug|Any CPU
		Debug|x64 = Debug|x64
		Debug|x86 = Debug|x86
		Release|Any CPU = Release|Any CPU
		Release|x64 = Release|x64
		Release|x86 = Release|x86
	EndGlobalSection
	GlobalSection(ProjectConfigurationPlatforms) = postSolution
		{04CDD511-D651-4E00-9962-ECB4403A1A94}.Debug|Any CPU.ActiveCfg = Debug|Any CPU
		{04CDD511-D651-4E00-9962-ECB4403A1A94}.Debug|Any CPU.Build.0 = Debug|Any CPU
		{04CDD511-D651-4E00-9962-ECB4403A1A94}.Debug|x64.ActiveCfg = Debug|Any CPU
		{04CDD511-D651-4E00-9962-ECB4403A1A94}.Debug|x64.Build.0 = Debug|Any CPU
		{04CDD511-D651-4E00-9962-ECB4403A1A94}.Debug|x86.ActiveCfg = Debug|Any CPU
		{04CDD511-D651-4E00-9962-ECB4403A1A94}.Debug|x86.Build.0 = Debug|Any CPU
		{04CDD511-D651-4E00-9962-ECB4403A1A94}.Release|Any CPU.ActiveCfg = Release|Any CPU
		{04CDD511-D651-4E00-9962-ECB4403A1A94}.Release|Any CPU.Build.0 = Release|Any CPU
		{04CDD511-D651-4E00-9962-ECB4403A1A94}.Release|x64.ActiveCfg = Release|Any CPU
		{04CDD511-D651-4E00-9962-ECB4403A1A94}.Release|x64.Build.0 = Release|Any CPU
		{04CDD511-D651-4E00-9962-ECB4403A1A94}.Release|x86.ActiveCfg = Release|Any CPU
		{04CDD511-D651-4E00-9962-ECB4403A1A94}.Release|x86.Build.0 = Release|Any CPU
		{2130B454-A778-4478-9D18-1E3881DF8E96}.Debug|Any CPU.ActiveCfg = Debug|Any CPU
		{2130B454-A778-4478-9D18-1E3881DF8E96}.Debug|Any CPU.Build.0 = Debug|Any CPU
		{2130B454-A778-4478-9D18-1E3881DF8E96}.Debug|x64.ActiveCfg = Debug|Any CPU
		{2130B454-A778-4478-9D18-1E3881DF8E96}.Debug|x64.Build.0 = Debug|Any CPU
		{2130B454-A778-4478-9D18-1E3881DF8E96}.Debug|x86.ActiveCfg = Debug|Any CPU
		{2130B454-A778-4478-9D18-1E3881DF8E96}.Debug|x86.Build.0 = Debug|Any CPU
		{2130B454-A778-4478-9D18-1E3881DF8E96}.Release|Any CPU.ActiveCfg = Release|Any CPU
		{2130B454-A778-4478-9D18-1E3881DF8E96}.Release|Any CPU.Build.0 = Release|Any CPU
		{2130B454-A778-4478-9D18-1E3881DF8E96}.Release|x64.ActiveCfg = Release|Any CPU
		{2130B454-A778-4478-9D18-1E3881DF8E96}.Release|x64.Build.0 = Release|Any CPU
		{2130B454-A778-4478-9D18-1E3881DF8E96}.Release|x86.ActiveCfg = Release|Any CPU
		{2130B454-A778-4478-9D18-1E3881DF8E96}.Release|x86.Build.0 = Release|Any CPU
		{FA7B1ED3-1CC0-463F-989D-FB218601075C}.Debug|Any CPU.ActiveCfg = Debug|Any CPU
		{FA7B1ED3-1CC0-463F-989D-FB218601075C}.Debug|Any CPU.Build.0 = Debug|Any CPU
		{FA7B1ED3-1CC0-463F-989D-FB218601075C}.Debug|x64.ActiveCfg = Debug|Any CPU
		{FA7B1ED3-1CC0-463F-989D-FB218601075C}.Debug|x64.Build.0 = Debug|Any CPU
		{FA7B1ED3-1CC0-463F-989D-FB218601075C}.Debug|x86.ActiveCfg = Debug|Any CPU
		{FA7B1ED3-1CC0-463F-989D-FB218601075C}.Debug|x86.Build.0 = Debug|Any CPU
		{FA7B1ED3-1CC0-463F-989D-FB218601075C}.Release|Any CPU.ActiveCfg = Release|Any CPU
		{FA7B1ED3-1CC0-463F-989D-FB218601075C}.Release|Any CPU.Build.0 = Release|Any CPU
		{FA7B1ED3-1CC0-463F-989D-FB218601075C}.Release|x64.ActiveCfg = Release|Any CPU
		{FA7B1ED3-1CC0-463F-989D-FB218601075C}.Release|x64.Build.0 = Release|Any CPU
		{FA7B1ED3-1CC0-463F-989D-FB218601075C}.Release|x86.ActiveCfg = Release|Any CPU
		{FA7B1ED3-1CC0-463F-989D-FB218601075C}.Release|x86.Build.0 = Release|Any CPU
		{8C870C0B-C9B1-4849-81AB-0F9D95D96542}.Debug|Any CPU.ActiveCfg = Debug|Any CPU
		{8C870C0B-C9B1-4849-81AB-0F9D95D96542}.Debug|Any CPU.Build.0 = Debug|Any CPU
		{8C870C0B-C9B1-4849-81AB-0F9D95D96542}.Debug|x64.ActiveCfg = Debug|Any CPU
		{8C870C0B-C9B1-4849-81AB-0F9D95D96542}.Debug|x64.Build.0 = Debug|Any CPU
		{8C870C0B-C9B1-4849-81AB-0F9D95D96542}.Debug|x86.ActiveCfg = Debug|Any CPU
		{8C870C0B-C9B1-4849-81AB-0F9D95D96542}.Debug|x86.Build.0 = Debug|Any CPU
		{8C870C0B-C9B1-4849-81AB-0F9D95D96542}.Release|Any CPU.ActiveCfg = Release|Any CPU
		{8C870C0B-C9B1-4849-81AB-0F9D95D96542}.Release|Any CPU.Build.0 = Release|Any CPU
		{8C870C0B-C9B1-4849-81AB-0F9D95D96542}.Release|x64.ActiveCfg = Release|Any CPU
		{8C870C0B-C9B1-4849-81AB-0F9D95D96542}.Release|x64.Build.0 = Release|Any CPU
		{8C870C0B-C9B1-4849-81AB-0F9D95D96542}.Release|x86.ActiveCfg = Release|Any CPU
		{8C870C0B-C9B1-4849-81AB-0F9D95D96542}.Release|x86.Build.0 = Release|Any CPU
	EndGlobalSection
	GlobalSection(SolutionProperties) = preSolution
		HideSolutionNode = FALSE
	EndGlobalSection
	GlobalSection(ExtensibilityGlobals) = postSolution
		SolutionGuid = {A8258BA3-0F3C-4159-B1C8-05B7A7247F7D}
	EndGlobalSection
EndGlobal
