
Microsoft Visual Studio Solution File, Format Version 12.00
# Visual Studio Version 16
VisualStudioVersion = 16.0.30114.105
MinimumVisualStudioVersion = 10.0.40219.1
Project("{FAE04EC0-301F-11D3-BF4B-00C04F79EFBC}") = "Project0.StoreApplication.Client", "Project0.StoreApplication.Client\Project0.StoreApplication.Client.csproj", "{BC7A8500-F940-4F2E-AAE5-DC7561B1B27D}"
EndProject
Project("{FAE04EC0-301F-11D3-BF4B-00C04F79EFBC}") = "Project0.StoreApplication.Domain", "Project0.StoreApplication.Domain\Project0.StoreApplication.Domain.csproj", "{70906D45-8E84-487E-81DA-70185FBB6802}"
EndProject
Project("{FAE04EC0-301F-11D3-BF4B-00C04F79EFBC}") = "Project0.StoreApplication.Storage", "Project0.StoreApplication.Storage\Project0.StoreApplication.Storage.csproj", "{CD6D6865-9470-42F6-8DDF-CAF6D117889D}"
EndProject
Project("{FAE04EC0-301F-11D3-BF4B-00C04F79EFBC}") = "Project0.StoreApplication.Testing", "Project0.StoreApplication.Testing\Project0.StoreApplication.Testing.csproj", "{4EB8F706-1DF5-47FE-B80E-E418CF9448F7}"
EndProject
Global
	GlobalSection(SolutionConfigurationPlatforms) = preSolution
		Debug|Any CPU = Debug|Any CPU
		Debug|x64 = Debug|x64
		Debug|x86 = Debug|x86
		Release|Any CPU = Release|Any CPU
		Release|x64 = Release|x64
		Release|x86 = Release|x86
	EndGlobalSection
	GlobalSection(ProjectConfigurationPlatforms) = postSolution
		{BC7A8500-F940-4F2E-AAE5-DC7561B1B27D}.Debug|Any CPU.ActiveCfg = Debug|Any CPU
		{BC7A8500-F940-4F2E-AAE5-DC7561B1B27D}.Debug|Any CPU.Build.0 = Debug|Any CPU
		{BC7A8500-F940-4F2E-AAE5-DC7561B1B27D}.Debug|x64.ActiveCfg = Debug|Any CPU
		{BC7A8500-F940-4F2E-AAE5-DC7561B1B27D}.Debug|x64.Build.0 = Debug|Any CPU
		{BC7A8500-F940-4F2E-AAE5-DC7561B1B27D}.Debug|x86.ActiveCfg = Debug|Any CPU
		{BC7A8500-F940-4F2E-AAE5-DC7561B1B27D}.Debug|x86.Build.0 = Debug|Any CPU
		{BC7A8500-F940-4F2E-AAE5-DC7561B1B27D}.Release|Any CPU.ActiveCfg = Release|Any CPU
		{BC7A8500-F940-4F2E-AAE5-DC7561B1B27D}.Release|Any CPU.Build.0 = Release|Any CPU
		{BC7A8500-F940-4F2E-AAE5-DC7561B1B27D}.Release|x64.ActiveCfg = Release|Any CPU
		{BC7A8500-F940-4F2E-AAE5-DC7561B1B27D}.Release|x64.Build.0 = Release|Any CPU
		{BC7A8500-F940-4F2E-AAE5-DC7561B1B27D}.Release|x86.ActiveCfg = Release|Any CPU
		{BC7A8500-F940-4F2E-AAE5-DC7561B1B27D}.Release|x86.Build.0 = Release|Any CPU
		{70906D45-8E84-487E-81DA-70185FBB6802}.Debug|Any CPU.ActiveCfg = Debug|Any CPU
		{70906D45-8E84-487E-81DA-70185FBB6802}.Debug|Any CPU.Build.0 = Debug|Any CPU
		{70906D45-8E84-487E-81DA-70185FBB6802}.Debug|x64.ActiveCfg = Debug|Any CPU
		{70906D45-8E84-487E-81DA-70185FBB6802}.Debug|x64.Build.0 = Debug|Any CPU
		{70906D45-8E84-487E-81DA-70185FBB6802}.Debug|x86.ActiveCfg = Debug|Any CPU
		{70906D45-8E84-487E-81DA-70185FBB6802}.Debug|x86.Build.0 = Debug|Any CPU
		{70906D45-8E84-487E-81DA-70185FBB6802}.Release|Any CPU.ActiveCfg = Release|Any CPU
		{70906D45-8E84-487E-81DA-70185FBB6802}.Release|Any CPU.Build.0 = Release|Any CPU
		{70906D45-8E84-487E-81DA-70185FBB6802}.Release|x64.ActiveCfg = Release|Any CPU
		{70906D45-8E84-487E-81DA-70185FBB6802}.Release|x64.Build.0 = Release|Any CPU
		{70906D45-8E84-487E-81DA-70185FBB6802}.Release|x86.ActiveCfg = Release|Any CPU
		{70906D45-8E84-487E-81DA-70185FBB6802}.Release|x86.Build.0 = Release|Any CPU
		{CD6D6865-9470-42F6-8DDF-CAF6D117889D}.Debug|Any CPU.ActiveCfg = Debug|Any CPU
		{CD6D6865-9470-42F6-8DDF-CAF6D117889D}.Debug|Any CPU.Build.0 = Debug|Any CPU
		{CD6D6865-9470-42F6-8DDF-CAF6D117889D}.Debug|x64.ActiveCfg = Debug|Any CPU
		{CD6D6865-9470-42F6-8DDF-CAF6D117889D}.Debug|x64.Build.0 = Debug|Any CPU
		{CD6D6865-9470-42F6-8DDF-CAF6D117889D}.Debug|x86.ActiveCfg = Debug|Any CPU
		{CD6D6865-9470-42F6-8DDF-CAF6D117889D}.Debug|x86.Build.0 = Debug|Any CPU
		{CD6D6865-9470-42F6-8DDF-CAF6D117889D}.Release|Any CPU.ActiveCfg = Release|Any CPU
		{CD6D6865-9470-42F6-8DDF-CAF6D117889D}.Release|Any CPU.Build.0 = Release|Any CPU
		{CD6D6865-9470-42F6-8DDF-CAF6D117889D}.Release|x64.ActiveCfg = Release|Any CPU
		{CD6D6865-9470-42F6-8DDF-CAF6D117889D}.Release|x64.Build.0 = Release|Any CPU
		{CD6D6865-9470-42F6-8DDF-CAF6D117889D}.Release|x86.ActiveCfg = Release|Any CPU
		{CD6D6865-9470-42F6-8DDF-CAF6D117889D}.Release|x86.Build.0 = Release|Any CPU
		{4EB8F706-1DF5-47FE-B80E-E418CF9448F7}.Debug|Any CPU.ActiveCfg = Debug|Any CPU
		{4EB8F706-1DF5-47FE-B80E-E418CF9448F7}.Debug|Any CPU.Build.0 = Debug|Any CPU
		{4EB8F706-1DF5-47FE-B80E-E418CF9448F7}.Debug|x64.ActiveCfg = Debug|Any CPU
		{4EB8F706-1DF5-47FE-B80E-E418CF9448F7}.Debug|x64.Build.0 = Debug|Any CPU
		{4EB8F706-1DF5-47FE-B80E-E418CF9448F7}.Debug|x86.ActiveCfg = Debug|Any CPU
		{4EB8F706-1DF5-47FE-B80E-E418CF9448F7}.Debug|x86.Build.0 = Debug|Any CPU
		{4EB8F706-1DF5-47FE-B80E-E418CF9448F7}.Release|Any CPU.ActiveCfg = Release|Any CPU
		{4EB8F706-1DF5-47FE-B80E-E418CF9448F7}.Release|Any CPU.Build.0 = Release|Any CPU
		{4EB8F706-1DF5-47FE-B80E-E418CF9448F7}.Release|x64.ActiveCfg = Release|Any CPU
		{4EB8F706-1DF5-47FE-B80E-E418CF9448F7}.Release|x64.Build.0 = Release|Any CPU
		{4EB8F706-1DF5-47FE-B80E-E418CF9448F7}.Release|x86.ActiveCfg = Release|Any CPU
		{4EB8F706-1DF5-47FE-B80E-E418CF9448F7}.Release|x86.Build.0 = Release|Any CPU
	EndGlobalSection
	GlobalSection(SolutionProperties) = preSolution
		HideSolutionNode = FALSE
	EndGlobalSection
	GlobalSection(ExtensibilityGlobals) = postSolution
		SolutionGuid = {57A33EAB-4FD3-49FD-B434-B97FC65BE5EF}
	EndGlobalSection
EndGlobal
